{
  "name": "ngx-shift-jis",
  "version": "0.0.1",
  "lockfileVersion": 1,
  "requires": true,
  "dependencies": {
    "@types/encoding-japanese": {
      "version": "1.0.18",
      "resolved": "https://registry.npmjs.org/@types/encoding-japanese/-/encoding-japanese-1.0.18.tgz",
      "integrity": "sha512-tjfjChRDhI2gpbOhccj4O9txN7nLnZEWyFA3fPGO0VchGeH6FeogwNfXvEyuHM+SlKEc7Q+/kt1/4nRNgP8SeQ==",
      "dev": true
    },
    "encoding-japanese": {
      "version": "1.0.30",
      "resolved": "https://registry.npmjs.org/encoding-japanese/-/encoding-japanese-1.0.30.tgz",
      "integrity": "sha512-bd/DFLAoJetvv7ar/KIpE3CNO8wEuyrt9Xuw6nSMiZ+Vrz/Q21BPsMHvARL2Wz6IKHKXgb+DWZqtRg1vql9cBg=="
    },
    "tslib": {
      "version": "2.3.1",
      "resolved": "https://registry.npmjs.org/tslib/-/tslib-2.3.1.tgz",
      "integrity": "sha512-77EbyPPpMz+FRFRuAFlWMtmgUWGe9UOG2Z25NqCwiIjRhOf5iKGuzSe5P2w1laq+FkRy4p+PCuVkJSGkzTEKVw=="
    }
  }
}
